
Microsoft Visual Studio Solution File, Format Version 12.00
# Visual Studio Version 17
VisualStudioVersion = 17.1.32407.343
MinimumVisualStudioVersion = 10.0.40219.1
Project("{FAE04EC0-301F-11D3-BF4B-00C04F79EFBC}") = "HospitalMeetingProject", "HospitalMeetingProject\HospitalMeetingProject.csproj", "{FCAC467D-41A9-4452-9654-57472E14914B}"
EndProject
Project("{FAE04EC0-301F-11D3-BF4B-00C04F79EFBC}") = "DAL", "DAL\DAL.csproj", "{65DF1317-7856-4590-B36A-317FA586712E}"
EndProject
Project("{FAE04EC0-301F-11D3-BF4B-00C04F79EFBC}") = "BLL", "BLL\BLL.csproj", "{41CA76E0-D540-40F7-AEC1-738561F60A27}"
EndProject
Project("{FAE04EC0-301F-11D3-BF4B-00C04F79EFBC}") = "EntityLayer", "EntityLayer\EntityLayer.csproj", "{5B5B080E-C590-4D08-ABA5-B1E593C3463F}"
EndProject
Global
	GlobalSection(SolutionConfigurationPlatforms) = preSolution
		Debug|Any CPU = Debug|Any CPU
		Release|Any CPU = Release|Any CPU
	EndGlobalSection
	GlobalSection(ProjectConfigurationPlatforms) = postSolution
		{FCAC467D-41A9-4452-9654-57472E14914B}.Debug|Any CPU.ActiveCfg = Debug|Any CPU
		{FCAC467D-41A9-4452-9654-57472E14914B}.Debug|Any CPU.Build.0 = Debug|Any CPU
		{FCAC467D-41A9-4452-9654-57472E14914B}.Release|Any CPU.ActiveCfg = Release|Any CPU
		{FCAC467D-41A9-4452-9654-57472E14914B}.Release|Any CPU.Build.0 = Release|Any CPU
		{65DF1317-7856-4590-B36A-317FA586712E}.Debug|Any CPU.ActiveCfg = Debug|Any CPU
		{65DF1317-7856-4590-B36A-317FA586712E}.Debug|Any CPU.Build.0 = Debug|Any CPU
		{65DF1317-7856-4590-B36A-317FA586712E}.Release|Any CPU.ActiveCfg = Release|Any CPU
		{65DF1317-7856-4590-B36A-317FA586712E}.Release|Any CPU.Build.0 = Release|Any CPU
		{41CA76E0-D540-40F7-AEC1-738561F60A27}.Debug|Any CPU.ActiveCfg = Debug|Any CPU
		{41CA76E0-D540-40F7-AEC1-738561F60A27}.Debug|Any CPU.Build.0 = Debug|Any CPU
		{41CA76E0-D540-40F7-AEC1-738561F60A27}.Release|Any CPU.ActiveCfg = Release|Any CPU
		{41CA76E0-D540-40F7-AEC1-738561F60A27}.Release|Any CPU.Build.0 = Release|Any CPU
		{5B5B080E-C590-4D08-ABA5-B1E593C3463F}.Debug|Any CPU.ActiveCfg = Debug|Any CPU
		{5B5B080E-C590-4D08-ABA5-B1E593C3463F}.Debug|Any CPU.Build.0 = Debug|Any CPU
		{5B5B080E-C590-4D08-ABA5-B1E593C3463F}.Release|Any CPU.ActiveCfg = Release|Any CPU
		{5B5B080E-C590-4D08-ABA5-B1E593C3463F}.Release|Any CPU.Build.0 = Release|Any CPU
	EndGlobalSection
	GlobalSection(SolutionProperties) = preSolution
		HideSolutionNode = FALSE
	EndGlobalSection
	GlobalSection(ExtensibilityGlobals) = postSolution
		SolutionGuid = {838BAE03-1D72-4CBF-A026-445497BBEE3D}
	EndGlobalSection
EndGlobal
